
Microsoft Visual Studio Solution File, Format Version 12.00
# Visual Studio 15
VisualStudioVersion = 15.0.26730.12
MinimumVisualStudioVersion = 10.0.40219.1
Project("{9A19103F-16F7-4668-BE54-9A1E7A4F7556}") = "Cinch.HTTipi", "Cinch.HTTipi\Cinch.HTTipi.csproj", "{00CF2A70-7D82-4A5C-8ACB-B21676793771}"
EndProject
Global
	GlobalSection(SolutionConfigurationPlatforms) = preSolution
		Debug|Any CPU = Debug|Any CPU
		Release|Any CPU = Release|Any CPU
	EndGlobalSection
	GlobalSection(ProjectConfigurationPlatforms) = postSolution
		{00CF2A70-7D82-4A5C-8ACB-B21676793771}.Debug|Any CPU.ActiveCfg = Release|Any CPU
		{00CF2A70-7D82-4A5C-8ACB-B21676793771}.Debug|Any CPU.Build.0 = Release|Any CPU
		{00CF2A70-7D82-4A5C-8ACB-B21676793771}.Release|Any CPU.ActiveCfg = Release|Any CPU
		{00CF2A70-7D82-4A5C-8ACB-B21676793771}.Release|Any CPU.Build.0 = Release|Any CPU
	EndGlobalSection
	GlobalSection(SolutionProperties) = preSolution
		HideSolutionNode = FALSE
	EndGlobalSection
	GlobalSection(ExtensibilityGlobals) = postSolution
		SolutionGuid = {8DC23849-5B8E-48BA-961F-47C37D1FE8AC}
	EndGlobalSection
EndGlobal
